
Microsoft Visual Studio Solution File, Format Version 12.00
# Visual Studio Version 16
VisualStudioVersion = 16.0.31019.35
MinimumVisualStudioVersion = 10.0.40219.1
Project("{FAE04EC0-301F-11D3-BF4B-00C04F79EFBC}") = "ClubMemberManagement.UI", "ClubMemberManagement.UI\ClubMemberManagement.UI.csproj", "{38891DC1-2E32-487B-B927-410C94B8DE76}"
EndProject
Global
	GlobalSection(SolutionConfigurationPlatforms) = preSolution
		Debug|Any CPU = Debug|Any CPU
		Release|Any CPU = Release|Any CPU
	EndGlobalSection
	GlobalSection(ProjectConfigurationPlatforms) = postSolution
		{38891DC1-2E32-487B-B927-410C94B8DE76}.Debug|Any CPU.ActiveCfg = Debug|Any CPU
		{38891DC1-2E32-487B-B927-410C94B8DE76}.Debug|Any CPU.Build.0 = Debug|Any CPU
		{38891DC1-2E32-487B-B927-410C94B8DE76}.Release|Any CPU.ActiveCfg = Release|Any CPU
		{38891DC1-2E32-487B-B927-410C94B8DE76}.Release|Any CPU.Build.0 = Release|Any CPU
	EndGlobalSection
	GlobalSection(SolutionProperties) = preSolution
		HideSolutionNode = FALSE
	EndGlobalSection
	GlobalSection(ExtensibilityGlobals) = postSolution
		SolutionGuid = {149545FC-2833-45FB-85A7-1E2FA4C4BEFC}
	EndGlobalSection
EndGlobal
